
Microsoft Visual Studio Solution File, Format Version 12.00
# Visual Studio 14
VisualStudioVersion = 14.0.25420.1
MinimumVisualStudioVersion = 10.0.40219.1
Project("{FAE04EC0-301F-11D3-BF4B-00C04F79EFBC}") = "MVVM", "MVVM\MVVM\MVVM.csproj", "{F0068349-6876-4E50-9CBC-1D91EAC7763A}"
EndProject
Project("{FAE04EC0-301F-11D3-BF4B-00C04F79EFBC}") = "MVVM.Droid", "MVVM\MVVM.Droid\MVVM.Droid.csproj", "{53BD8B57-D85F-4CCE-A58B-36A14C25AD5D}"
EndProject
Project("{FAE04EC0-301F-11D3-BF4B-00C04F79EFBC}") = "MVVM.iOS", "MVVM\MVVM.iOS\MVVM.iOS.csproj", "{F31E0BC4-1084-4682-88E3-349359A0E4CA}"
EndProject
Project("{FAE04EC0-301F-11D3-BF4B-00C04F79EFBC}") = "MVVM.WinPhone", "MVVM\MVVM.WinPhone\MVVM.WinPhone.csproj", "{DDF1DD93-74A9-47FC-A867-891D7E81A55E}"
EndProject
Project("{FAE04EC0-301F-11D3-BF4B-00C04F79EFBC}") = "MVVM.UWP", "MVVM\MVVM.UWP\MVVM.UWP.csproj", "{69A4841A-A254-449F-A014-EA415EDA3DD2}"
EndProject
Project("{FAE04EC0-301F-11D3-BF4B-00C04F79EFBC}") = "MVVM.Windows", "MVVM\MVVM.Windows\MVVM.Windows.csproj", "{07624ED5-199B-4D83-9058-07F9E2C0D672}"
EndProject
Global
	GlobalSection(SolutionConfigurationPlatforms) = preSolution
		Ad-Hoc|Any CPU = Ad-Hoc|Any CPU
		Ad-Hoc|ARM = Ad-Hoc|ARM
		Ad-Hoc|iPhone = Ad-Hoc|iPhone
		Ad-Hoc|iPhoneSimulator = Ad-Hoc|iPhoneSimulator
		Ad-Hoc|x64 = Ad-Hoc|x64
		Ad-Hoc|x86 = Ad-Hoc|x86
		AppStore|Any CPU = AppStore|Any CPU
		AppStore|ARM = AppStore|ARM
		AppStore|iPhone = AppStore|iPhone
		AppStore|iPhoneSimulator = AppStore|iPhoneSimulator
		AppStore|x64 = AppStore|x64
		AppStore|x86 = AppStore|x86
		Debug|Any CPU = Debug|Any CPU
		Debug|ARM = Debug|ARM
		Debug|iPhone = Debug|iPhone
		Debug|iPhoneSimulator = Debug|iPhoneSimulator
		Debug|x64 = Debug|x64
		Debug|x86 = Debug|x86
		Release|Any CPU = Release|Any CPU
		Release|ARM = Release|ARM
		Release|iPhone = Release|iPhone
		Release|iPhoneSimulator = Release|iPhoneSimulator
		Release|x64 = Release|x64
		Release|x86 = Release|x86
	EndGlobalSection
	GlobalSection(ProjectConfigurationPlatforms) = postSolution
		{F0068349-6876-4E50-9CBC-1D91EAC7763A}.Ad-Hoc|Any CPU.ActiveCfg = Release|Any CPU
		{F0068349-6876-4E50-9CBC-1D91EAC7763A}.Ad-Hoc|Any CPU.Build.0 = Release|Any CPU
		{F0068349-6876-4E50-9CBC-1D91EAC7763A}.Ad-Hoc|ARM.ActiveCfg = Release|Any CPU
		{F0068349-6876-4E50-9CBC-1D91EAC7763A}.Ad-Hoc|ARM.Build.0 = Release|Any CPU
		{F0068349-6876-4E50-9CBC-1D91EAC7763A}.Ad-Hoc|iPhone.ActiveCfg = Release|Any CPU
		{F0068349-6876-4E50-9CBC-1D91EAC7763A}.Ad-Hoc|iPhone.Build.0 = Release|Any CPU
		{F0068349-6876-4E50-9CBC-1D91EAC7763A}.Ad-Hoc|iPhoneSimulator.ActiveCfg = Release|Any CPU
		{F0068349-6876-4E50-9CBC-1D91EAC7763A}.Ad-Hoc|iPhoneSimulator.Build.0 = Release|Any CPU
		{F0068349-6876-4E50-9CBC-1D91EAC7763A}.Ad-Hoc|x64.ActiveCfg = Release|Any CPU
		{F0068349-6876-4E50-9CBC-1D91EAC7763A}.Ad-Hoc|x64.Build.0 = Release|Any CPU
		{F0068349-6876-4E50-9CBC-1D91EAC7763A}.Ad-Hoc|x86.ActiveCfg = Release|Any CPU
		{F0068349-6876-4E50-9CBC-1D91EAC7763A}.Ad-Hoc|x86.Build.0 = Release|Any CPU
		{F0068349-6876-4E50-9CBC-1D91EAC7763A}.AppStore|Any CPU.ActiveCfg = Release|Any CPU
		{F0068349-6876-4E50-9CBC-1D91EAC7763A}.AppStore|Any CPU.Build.0 = Release|Any CPU
		{F0068349-6876-4E50-9CBC-1D91EAC7763A}.AppStore|ARM.ActiveCfg = Release|Any CPU
		{F0068349-6876-4E50-9CBC-1D91EAC7763A}.AppStore|ARM.Build.0 = Release|Any CPU
		{F0068349-6876-4E50-9CBC-1D91EAC7763A}.AppStore|iPhone.ActiveCfg = Release|Any CPU
		{F0068349-6876-4E50-9CBC-1D91EAC7763A}.AppStore|iPhone.Build.0 = Release|Any CPU
		{F0068349-6876-4E50-9CBC-1D91EAC7763A}.AppStore|iPhoneSimulator.ActiveCfg = Release|Any CPU
		{F0068349-6876-4E50-9CBC-1D91EAC7763A}.AppStore|iPhoneSimulator.Build.0 = Release|Any CPU
		{F0068349-6876-4E50-9CBC-1D91EAC7763A}.AppStore|x64.ActiveCfg = Release|Any CPU
		{F0068349-6876-4E50-9CBC-1D91EAC7763A}.AppStore|x64.Build.0 = Release|Any CPU
		{F0068349-6876-4E50-9CBC-1D91EAC7763A}.AppStore|x86.ActiveCfg = Release|Any CPU
		{F0068349-6876-4E50-9CBC-1D91EAC7763A}.AppStore|x86.Build.0 = Release|Any CPU
		{F0068349-6876-4E50-9CBC-1D91EAC7763A}.Debug|Any CPU.ActiveCfg = Debug|Any CPU
		{F0068349-6876-4E50-9CBC-1D91EAC7763A}.Debug|Any CPU.Build.0 = Debug|Any CPU
		{F0068349-6876-4E50-9CBC-1D91EAC7763A}.Debug|ARM.ActiveCfg = Debug|Any CPU
		{F0068349-6876-4E50-9CBC-1D91EAC7763A}.Debug|ARM.Build.0 = Debug|Any CPU
		{F0068349-6876-4E50-9CBC-1D91EAC7763A}.Debug|iPhone.ActiveCfg = Debug|Any CPU
		{F0068349-6876-4E50-9CBC-1D91EAC7763A}.Debug|iPhone.Build.0 = Debug|Any CPU
		{F0068349-6876-4E50-9CBC-1D91EAC7763A}.Debug|iPhoneSimulator.ActiveCfg = Debug|Any CPU
		{F0068349-6876-4E50-9CBC-1D91EAC7763A}.Debug|iPhoneSimulator.Build.0 = Debug|Any CPU
		{F0068349-6876-4E50-9CBC-1D91EAC7763A}.Debug|x64.ActiveCfg = Debug|Any CPU
		{F0068349-6876-4E50-9CBC-1D91EAC7763A}.Debug|x64.Build.0 = Debug|Any CPU
		{F0068349-6876-4E50-9CBC-1D91EAC7763A}.Debug|x86.ActiveCfg = Debug|Any CPU
		{F0068349-6876-4E50-9CBC-1D91EAC7763A}.Debug|x86.Build.0 = Debug|Any CPU
		{F0068349-6876-4E50-9CBC-1D91EAC7763A}.Release|Any CPU.ActiveCfg = Release|Any CPU
		{F0068349-6876-4E50-9CBC-1D91EAC7763A}.Release|Any CPU.Build.0 = Release|Any CPU
		{F0068349-6876-4E50-9CBC-1D91EAC7763A}.Release|ARM.ActiveCfg = Release|Any CPU
		{F0068349-6876-4E50-9CBC-1D91EAC7763A}.Release|ARM.Build.0 = Release|Any CPU
		{F0068349-6876-4E50-9CBC-1D91EAC7763A}.Release|iPhone.ActiveCfg = Release|Any CPU
		{F0068349-6876-4E50-9CBC-1D91EAC7763A}.Release|iPhone.Build.0 = Release|Any CPU
		{F0068349-6876-4E50-9CBC-1D91EAC7763A}.Release|iPhoneSimulator.ActiveCfg = Release|Any CPU
		{F0068349-6876-4E50-9CBC-1D91EAC7763A}.Release|iPhoneSimulator.Build.0 = Release|Any CPU
		{F0068349-6876-4E50-9CBC-1D91EAC7763A}.Release|x64.ActiveCfg = Release|Any CPU
		{F0068349-6876-4E50-9CBC-1D91EAC7763A}.Release|x64.Build.0 = Release|Any CPU
		{F0068349-6876-4E50-9CBC-1D91EAC7763A}.Release|x86.ActiveCfg = Release|Any CPU
		{F0068349-6876-4E50-9CBC-1D91EAC7763A}.Release|x86.Build.0 = Release|Any CPU
		{53BD8B57-D85F-4CCE-A58B-36A14C25AD5D}.Ad-Hoc|Any CPU.ActiveCfg = Release|Any CPU
		{53BD8B57-D85F-4CCE-A58B-36A14C25AD5D}.Ad-Hoc|Any CPU.Build.0 = Release|Any CPU
		{53BD8B57-D85F-4CCE-A58B-36A14C25AD5D}.Ad-Hoc|Any CPU.Deploy.0 = Release|Any CPU
		{53BD8B57-D85F-4CCE-A58B-36A14C25AD5D}.Ad-Hoc|ARM.ActiveCfg = Release|Any CPU
		{53BD8B57-D85F-4CCE-A58B-36A14C25AD5D}.Ad-Hoc|ARM.Build.0 = Release|Any CPU
		{53BD8B57-D85F-4CCE-A58B-36A14C25AD5D}.Ad-Hoc|ARM.Deploy.0 = Release|Any CPU
		{53BD8B57-D85F-4CCE-A58B-36A14C25AD5D}.Ad-Hoc|iPhone.ActiveCfg = Release|Any CPU
		{53BD8B57-D85F-4CCE-A58B-36A14C25AD5D}.Ad-Hoc|iPhone.Build.0 = Release|Any CPU
		{53BD8B57-D85F-4CCE-A58B-36A14C25AD5D}.Ad-Hoc|iPhone.Deploy.0 = Release|Any CPU
		{53BD8B57-D85F-4CCE-A58B-36A14C25AD5D}.Ad-Hoc|iPhoneSimulator.ActiveCfg = Release|Any CPU
		{53BD8B57-D85F-4CCE-A58B-36A14C25AD5D}.Ad-Hoc|iPhoneSimulator.Build.0 = Release|Any CPU
		{53BD8B57-D85F-4CCE-A58B-36A14C25AD5D}.Ad-Hoc|iPhoneSimulator.Deploy.0 = Release|Any CPU
		{53BD8B57-D85F-4CCE-A58B-36A14C25AD5D}.Ad-Hoc|x64.ActiveCfg = Release|Any CPU
		{53BD8B57-D85F-4CCE-A58B-36A14C25AD5D}.Ad-Hoc|x64.Build.0 = Release|Any CPU
		{53BD8B57-D85F-4CCE-A58B-36A14C25AD5D}.Ad-Hoc|x64.Deploy.0 = Release|Any CPU
		{53BD8B57-D85F-4CCE-A58B-36A14C25AD5D}.Ad-Hoc|x86.ActiveCfg = Release|Any CPU
		{53BD8B57-D85F-4CCE-A58B-36A14C25AD5D}.Ad-Hoc|x86.Build.0 = Release|Any CPU
		{53BD8B57-D85F-4CCE-A58B-36A14C25AD5D}.Ad-Hoc|x86.Deploy.0 = Release|Any CPU
		{53BD8B57-D85F-4CCE-A58B-36A14C25AD5D}.AppStore|Any CPU.ActiveCfg = Release|Any CPU
		{53BD8B57-D85F-4CCE-A58B-36A14C25AD5D}.AppStore|Any CPU.Build.0 = Release|Any CPU
		{53BD8B57-D85F-4CCE-A58B-36A14C25AD5D}.AppStore|Any CPU.Deploy.0 = Release|Any CPU
		{53BD8B57-D85F-4CCE-A58B-36A14C25AD5D}.AppStore|ARM.ActiveCfg = Release|Any CPU
		{53BD8B57-D85F-4CCE-A58B-36A14C25AD5D}.AppStore|ARM.Build.0 = Release|Any CPU
		{53BD8B57-D85F-4CCE-A58B-36A14C25AD5D}.AppStore|ARM.Deploy.0 = Release|Any CPU
		{53BD8B57-D85F-4CCE-A58B-36A14C25AD5D}.AppStore|iPhone.ActiveCfg = Release|Any CPU
		{53BD8B57-D85F-4CCE-A58B-36A14C25AD5D}.AppStore|iPhone.Build.0 = Release|Any CPU
		{53BD8B57-D85F-4CCE-A58B-36A14C25AD5D}.AppStore|iPhone.Deploy.0 = Release|Any CPU
		{53BD8B57-D85F-4CCE-A58B-36A14C25AD5D}.AppStore|iPhoneSimulator.ActiveCfg = Release|Any CPU
		{53BD8B57-D85F-4CCE-A58B-36A14C25AD5D}.AppStore|iPhoneSimulator.Build.0 = Release|Any CPU
		{53BD8B57-D85F-4CCE-A58B-36A14C25AD5D}.AppStore|iPhoneSimulator.Deploy.0 = Release|Any CPU
		{53BD8B57-D85F-4CCE-A58B-36A14C25AD5D}.AppStore|x64.ActiveCfg = Release|Any CPU
		{53BD8B57-D85F-4CCE-A58B-36A14C25AD5D}.AppStore|x64.Build.0 = Release|Any CPU
		{53BD8B57-D85F-4CCE-A58B-36A14C25AD5D}.AppStore|x64.Deploy.0 = Release|Any CPU
		{53BD8B57-D85F-4CCE-A58B-36A14C25AD5D}.AppStore|x86.ActiveCfg = Release|Any CPU
		{53BD8B57-D85F-4CCE-A58B-36A14C25AD5D}.AppStore|x86.Build.0 = Release|Any CPU
		{53BD8B57-D85F-4CCE-A58B-36A14C25AD5D}.AppStore|x86.Deploy.0 = Release|Any CPU
		{53BD8B57-D85F-4CCE-A58B-36A14C25AD5D}.Debug|Any CPU.ActiveCfg = Debug|Any CPU
		{53BD8B57-D85F-4CCE-A58B-36A14C25AD5D}.Debug|Any CPU.Build.0 = Debug|Any CPU
		{53BD8B57-D85F-4CCE-A58B-36A14C25AD5D}.Debug|Any CPU.Deploy.0 = Debug|Any CPU
		{53BD8B57-D85F-4CCE-A58B-36A14C25AD5D}.Debug|ARM.ActiveCfg = Debug|Any CPU
		{53BD8B57-D85F-4CCE-A58B-36A14C25AD5D}.Debug|ARM.Build.0 = Debug|Any CPU
		{53BD8B57-D85F-4CCE-A58B-36A14C25AD5D}.Debug|ARM.Deploy.0 = Debug|Any CPU
		{53BD8B57-D85F-4CCE-A58B-36A14C25AD5D}.Debug|iPhone.ActiveCfg = Debug|Any CPU
		{53BD8B57-D85F-4CCE-A58B-36A14C25AD5D}.Debug|iPhone.Build.0 = Debug|Any CPU
		{53BD8B57-D85F-4CCE-A58B-36A14C25AD5D}.Debug|iPhone.Deploy.0 = Debug|Any CPU
		{53BD8B57-D85F-4CCE-A58B-36A14C25AD5D}.Debug|iPhoneSimulator.ActiveCfg = Debug|Any CPU
		{53BD8B57-D85F-4CCE-A58B-36A14C25AD5D}.Debug|iPhoneSimulator.Build.0 = Debug|Any CPU
		{53BD8B57-D85F-4CCE-A58B-36A14C25AD5D}.Debug|iPhoneSimulator.Deploy.0 = Debug|Any CPU
		{53BD8B57-D85F-4CCE-A58B-36A14C25AD5D}.Debug|x64.ActiveCfg = Debug|Any CPU
		{53BD8B57-D85F-4CCE-A58B-36A14C25AD5D}.Debug|x64.Build.0 = Debug|Any CPU
		{53BD8B57-D85F-4CCE-A58B-36A14C25AD5D}.Debug|x64.Deploy.0 = Debug|Any CPU
		{53BD8B57-D85F-4CCE-A58B-36A14C25AD5D}.Debug|x86.ActiveCfg = Debug|Any CPU
		{53BD8B57-D85F-4CCE-A58B-36A14C25AD5D}.Debug|x86.Build.0 = Debug|Any CPU
		{53BD8B57-D85F-4CCE-A58B-36A14C25AD5D}.Debug|x86.Deploy.0 = Debug|Any CPU
		{53BD8B57-D85F-4CCE-A58B-36A14C25AD5D}.Release|Any CPU.ActiveCfg = Release|Any CPU
		{53BD8B57-D85F-4CCE-A58B-36A14C25AD5D}.Release|Any CPU.Build.0 = Release|Any CPU
		{53BD8B57-D85F-4CCE-A58B-36A14C25AD5D}.Release|Any CPU.Deploy.0 = Release|Any CPU
		{53BD8B57-D85F-4CCE-A58B-36A14C25AD5D}.Release|ARM.ActiveCfg = Release|Any CPU
		{53BD8B57-D85F-4CCE-A58B-36A14C25AD5D}.Release|ARM.Build.0 = Release|Any CPU
		{53BD8B57-D85F-4CCE-A58B-36A14C25AD5D}.Release|ARM.Deploy.0 = Release|Any CPU
		{53BD8B57-D85F-4CCE-A58B-36A14C25AD5D}.Release|iPhone.ActiveCfg = Release|Any CPU
		{53BD8B57-D85F-4CCE-A58B-36A14C25AD5D}.Release|iPhone.Build.0 = Release|Any CPU
		{53BD8B57-D85F-4CCE-A58B-36A14C25AD5D}.Release|iPhone.Deploy.0 = Release|Any CPU
		{53BD8B57-D85F-4CCE-A58B-36A14C25AD5D}.Release|iPhoneSimulator.ActiveCfg = Release|Any CPU
		{53BD8B57-D85F-4CCE-A58B-36A14C25AD5D}.Release|iPhoneSimulator.Build.0 = Release|Any CPU
		{53BD8B57-D85F-4CCE-A58B-36A14C25AD5D}.Release|iPhoneSimulator.Deploy.0 = Release|Any CPU
		{53BD8B57-D85F-4CCE-A58B-36A14C25AD5D}.Release|x64.ActiveCfg = Release|Any CPU
		{53BD8B57-D85F-4CCE-A58B-36A14C25AD5D}.Release|x64.Build.0 = Release|Any CPU
		{53BD8B57-D85F-4CCE-A58B-36A14C25AD5D}.Release|x64.Deploy.0 = Release|Any CPU
		{53BD8B57-D85F-4CCE-A58B-36A14C25AD5D}.Release|x86.ActiveCfg = Release|Any CPU
		{53BD8B57-D85F-4CCE-A58B-36A14C25AD5D}.Release|x86.Build.0 = Release|Any CPU
		{53BD8B57-D85F-4CCE-A58B-36A14C25AD5D}.Release|x86.Deploy.0 = Release|Any CPU
		{F31E0BC4-1084-4682-88E3-349359A0E4CA}.Ad-Hoc|Any CPU.ActiveCfg = Ad-Hoc|iPhone
		{F31E0BC4-1084-4682-88E3-349359A0E4CA}.Ad-Hoc|ARM.ActiveCfg = Ad-Hoc|iPhone
		{F31E0BC4-1084-4682-88E3-349359A0E4CA}.Ad-Hoc|iPhone.ActiveCfg = Ad-Hoc|iPhone
		{F31E0BC4-1084-4682-88E3-349359A0E4CA}.Ad-Hoc|iPhone.Build.0 = Ad-Hoc|iPhone
		{F31E0BC4-1084-4682-88E3-349359A0E4CA}.Ad-Hoc|iPhoneSimulator.ActiveCfg = Ad-Hoc|iPhoneSimulator
		{F31E0BC4-1084-4682-88E3-349359A0E4CA}.Ad-Hoc|iPhoneSimulator.Build.0 = Ad-Hoc|iPhoneSimulator
		{F31E0BC4-1084-4682-88E3-349359A0E4CA}.Ad-Hoc|x64.ActiveCfg = Ad-Hoc|iPhone
		{F31E0BC4-1084-4682-88E3-349359A0E4CA}.Ad-Hoc|x86.ActiveCfg = Ad-Hoc|iPhone
		{F31E0BC4-1084-4682-88E3-349359A0E4CA}.AppStore|Any CPU.ActiveCfg = AppStore|iPhone
		{F31E0BC4-1084-4682-88E3-349359A0E4CA}.AppStore|ARM.ActiveCfg = AppStore|iPhone
		{F31E0BC4-1084-4682-88E3-349359A0E4CA}.AppStore|iPhone.ActiveCfg = AppStore|iPhone
		{F31E0BC4-1084-4682-88E3-349359A0E4CA}.AppStore|iPhone.Build.0 = AppStore|iPhone
		{F31E0BC4-1084-4682-88E3-349359A0E4CA}.AppStore|iPhoneSimulator.ActiveCfg = AppStore|iPhoneSimulator
		{F31E0BC4-1084-4682-88E3-349359A0E4CA}.AppStore|iPhoneSimulator.Build.0 = AppStore|iPhoneSimulator
		{F31E0BC4-1084-4682-88E3-349359A0E4CA}.AppStore|x64.ActiveCfg = AppStore|iPhone
		{F31E0BC4-1084-4682-88E3-349359A0E4CA}.AppStore|x86.ActiveCfg = AppStore|iPhone
		{F31E0BC4-1084-4682-88E3-349359A0E4CA}.Debug|Any CPU.ActiveCfg = Debug|iPhone
		{F31E0BC4-1084-4682-88E3-349359A0E4CA}.Debug|ARM.ActiveCfg = Debug|iPhone
		{F31E0BC4-1084-4682-88E3-349359A0E4CA}.Debug|iPhone.ActiveCfg = Debug|iPhone
		{F31E0BC4-1084-4682-88E3-349359A0E4CA}.Debug|iPhone.Build.0 = Debug|iPhone
		{F31E0BC4-1084-4682-88E3-349359A0E4CA}.Debug|iPhoneSimulator.ActiveCfg = Debug|iPhoneSimulator
		{F31E0BC4-1084-4682-88E3-349359A0E4CA}.Debug|iPhoneSimulator.Build.0 = Debug|iPhoneSimulator
		{F31E0BC4-1084-4682-88E3-349359A0E4CA}.Debug|x64.ActiveCfg = Debug|iPhone
		{F31E0BC4-1084-4682-88E3-349359A0E4CA}.Debug|x86.ActiveCfg = Debug|iPhone
		{F31E0BC4-1084-4682-88E3-349359A0E4CA}.Release|Any CPU.ActiveCfg = Release|iPhone
		{F31E0BC4-1084-4682-88E3-349359A0E4CA}.Release|ARM.ActiveCfg = Release|iPhone
		{F31E0BC4-1084-4682-88E3-349359A0E4CA}.Release|iPhone.ActiveCfg = Release|iPhone
		{F31E0BC4-1084-4682-88E3-349359A0E4CA}.Release|iPhone.Build.0 = Release|iPhone
		{F31E0BC4-1084-4682-88E3-349359A0E4CA}.Release|iPhoneSimulator.ActiveCfg = Release|iPhoneSimulator
		{F31E0BC4-1084-4682-88E3-349359A0E4CA}.Release|iPhoneSimulator.Build.0 = Release|iPhoneSimulator
		{F31E0BC4-1084-4682-88E3-349359A0E4CA}.Release|x64.ActiveCfg = Release|iPhone
		{F31E0BC4-1084-4682-88E3-349359A0E4CA}.Release|x86.ActiveCfg = Release|iPhone
		{DDF1DD93-74A9-47FC-A867-891D7E81A55E}.Ad-Hoc|Any CPU.ActiveCfg = Release|Any CPU
		{DDF1DD93-74A9-47FC-A867-891D7E81A55E}.Ad-Hoc|Any CPU.Build.0 = Release|Any CPU
		{DDF1DD93-74A9-47FC-A867-891D7E81A55E}.Ad-Hoc|Any CPU.Deploy.0 = Release|Any CPU
		{DDF1DD93-74A9-47FC-A867-891D7E81A55E}.Ad-Hoc|ARM.ActiveCfg = Release|ARM
		{DDF1DD93-74A9-47FC-A867-891D7E81A55E}.Ad-Hoc|ARM.Build.0 = Release|ARM
		{DDF1DD93-74A9-47FC-A867-891D7E81A55E}.Ad-Hoc|ARM.Deploy.0 = Release|ARM
		{DDF1DD93-74A9-47FC-A867-891D7E81A55E}.Ad-Hoc|iPhone.ActiveCfg = Release|Any CPU
		{DDF1DD93-74A9-47FC-A867-891D7E81A55E}.Ad-Hoc|iPhone.Build.0 = Release|Any CPU
		{DDF1DD93-74A9-47FC-A867-891D7E81A55E}.Ad-Hoc|iPhone.Deploy.0 = Release|Any CPU
		{DDF1DD93-74A9-47FC-A867-891D7E81A55E}.Ad-Hoc|iPhoneSimulator.ActiveCfg = Release|Any CPU
		{DDF1DD93-74A9-47FC-A867-891D7E81A55E}.Ad-Hoc|iPhoneSimulator.Build.0 = Release|Any CPU
		{DDF1DD93-74A9-47FC-A867-891D7E81A55E}.Ad-Hoc|iPhoneSimulator.Deploy.0 = Release|Any CPU
		{DDF1DD93-74A9-47FC-A867-891D7E81A55E}.Ad-Hoc|x64.ActiveCfg = Release|Any CPU
		{DDF1DD93-74A9-47FC-A867-891D7E81A55E}.Ad-Hoc|x64.Build.0 = Release|Any CPU
		{DDF1DD93-74A9-47FC-A867-891D7E81A55E}.Ad-Hoc|x64.Deploy.0 = Release|Any CPU
		{DDF1DD93-74A9-47FC-A867-891D7E81A55E}.Ad-Hoc|x86.ActiveCfg = Release|x86
		{DDF1DD93-74A9-47FC-A867-891D7E81A55E}.Ad-Hoc|x86.Build.0 = Release|x86
		{DDF1DD93-74A9-47FC-A867-891D7E81A55E}.Ad-Hoc|x86.Deploy.0 = Release|x86
		{DDF1DD93-74A9-47FC-A867-891D7E81A55E}.AppStore|Any CPU.ActiveCfg = Release|Any CPU
		{DDF1DD93-74A9-47FC-A867-891D7E81A55E}.AppStore|Any CPU.Build.0 = Release|Any CPU
		{DDF1DD93-74A9-47FC-A867-891D7E81A55E}.AppStore|Any CPU.Deploy.0 = Release|Any CPU
		{DDF1DD93-74A9-47FC-A867-891D7E81A55E}.AppStore|ARM.ActiveCfg = Release|ARM
		{DDF1DD93-74A9-47FC-A867-891D7E81A55E}.AppStore|ARM.Build.0 = Release|ARM
		{DDF1DD93-74A9-47FC-A867-891D7E81A55E}.AppStore|ARM.Deploy.0 = Release|ARM
		{DDF1DD93-74A9-47FC-A867-891D7E81A55E}.AppStore|iPhone.ActiveCfg = Release|Any CPU
		{DDF1DD93-74A9-47FC-A867-891D7E81A55E}.AppStore|iPhone.Build.0 = Release|Any CPU
		{DDF1DD93-74A9-47FC-A867-891D7E81A55E}.AppStore|iPhone.Deploy.0 = Release|Any CPU
		{DDF1DD93-74A9-47FC-A867-891D7E81A55E}.AppStore|iPhoneSimulator.ActiveCfg = Release|Any CPU
		{DDF1DD93-74A9-47FC-A867-891D7E81A55E}.AppStore|iPhoneSimulator.Build.0 = Release|Any CPU
		{DDF1DD93-74A9-47FC-A867-891D7E81A55E}.AppStore|iPhoneSimulator.Deploy.0 = Release|Any CPU
		{DDF1DD93-74A9-47FC-A867-891D7E81A55E}.AppStore|x64.ActiveCfg = Release|Any CPU
		{DDF1DD93-74A9-47FC-A867-891D7E81A55E}.AppStore|x64.Build.0 = Release|Any CPU
		{DDF1DD93-74A9-47FC-A867-891D7E81A55E}.AppStore|x64.Deploy.0 = Release|Any CPU
		{DDF1DD93-74A9-47FC-A867-891D7E81A55E}.AppStore|x86.ActiveCfg = Release|x86
		{DDF1DD93-74A9-47FC-A867-891D7E81A55E}.AppStore|x86.Build.0 = Release|x86
		{DDF1DD93-74A9-47FC-A867-891D7E81A55E}.AppStore|x86.Deploy.0 = Release|x86
		{DDF1DD93-74A9-47FC-A867-891D7E81A55E}.Debug|Any CPU.ActiveCfg = Debug|Any CPU
		{DDF1DD93-74A9-47FC-A867-891D7E81A55E}.Debug|ARM.ActiveCfg = Debug|ARM
		{DDF1DD93-74A9-47FC-A867-891D7E81A55E}.Debug|ARM.Build.0 = Debug|ARM
		{DDF1DD93-74A9-47FC-A867-891D7E81A55E}.Debug|ARM.Deploy.0 = Debug|ARM
		{DDF1DD93-74A9-47FC-A867-891D7E81A55E}.Debug|iPhone.ActiveCfg = Debug|Any CPU
		{DDF1DD93-74A9-47FC-A867-891D7E81A55E}.Debug|iPhone.Build.0 = Debug|Any CPU
		{DDF1DD93-74A9-47FC-A867-891D7E81A55E}.Debug|iPhone.Deploy.0 = Debug|Any CPU
		{DDF1DD93-74A9-47FC-A867-891D7E81A55E}.Debug|iPhoneSimulator.ActiveCfg = Debug|Any CPU
		{DDF1DD93-74A9-47FC-A867-891D7E81A55E}.Debug|iPhoneSimulator.Build.0 = Debug|Any CPU
		{DDF1DD93-74A9-47FC-A867-891D7E81A55E}.Debug|iPhoneSimulator.Deploy.0 = Debug|Any CPU
		{DDF1DD93-74A9-47FC-A867-891D7E81A55E}.Debug|x64.ActiveCfg = Debug|Any CPU
		{DDF1DD93-74A9-47FC-A867-891D7E81A55E}.Debug|x64.Build.0 = Debug|Any CPU
		{DDF1DD93-74A9-47FC-A867-891D7E81A55E}.Debug|x64.Deploy.0 = Debug|Any CPU
		{DDF1DD93-74A9-47FC-A867-891D7E81A55E}.Debug|x86.ActiveCfg = Debug|x86
		{DDF1DD93-74A9-47FC-A867-891D7E81A55E}.Debug|x86.Build.0 = Debug|x86
		{DDF1DD93-74A9-47FC-A867-891D7E81A55E}.Debug|x86.Deploy.0 = Debug|x86
		{DDF1DD93-74A9-47FC-A867-891D7E81A55E}.Release|Any CPU.ActiveCfg = Release|Any CPU
		{DDF1DD93-74A9-47FC-A867-891D7E81A55E}.Release|Any CPU.Build.0 = Release|Any CPU
		{DDF1DD93-74A9-47FC-A867-891D7E81A55E}.Release|Any CPU.Deploy.0 = Release|Any CPU
		{DDF1DD93-74A9-47FC-A867-891D7E81A55E}.Release|ARM.ActiveCfg = Release|ARM
		{DDF1DD93-74A9-47FC-A867-891D7E81A55E}.Release|ARM.Build.0 = Release|ARM
		{DDF1DD93-74A9-47FC-A867-891D7E81A55E}.Release|ARM.Deploy.0 = Release|ARM
		{DDF1DD93-74A9-47FC-A867-891D7E81A55E}.Release|iPhone.ActiveCfg = Release|Any CPU
		{DDF1DD93-74A9-47FC-A867-891D7E81A55E}.Release|iPhone.Build.0 = Release|Any CPU
		{DDF1DD93-74A9-47FC-A867-891D7E81A55E}.Release|iPhone.Deploy.0 = Release|Any CPU
		{DDF1DD93-74A9-47FC-A867-891D7E81A55E}.Release|iPhoneSimulator.ActiveCfg = Release|Any CPU
		{DDF1DD93-74A9-47FC-A867-891D7E81A55E}.Release|iPhoneSimulator.Build.0 = Release|Any CPU
		{DDF1DD93-74A9-47FC-A867-891D7E81A55E}.Release|iPhoneSimulator.Deploy.0 = Release|Any CPU
		{DDF1DD93-74A9-47FC-A867-891D7E81A55E}.Release|x64.ActiveCfg = Release|Any CPU
		{DDF1DD93-74A9-47FC-A867-891D7E81A55E}.Release|x64.Build.0 = Release|Any CPU
		{DDF1DD93-74A9-47FC-A867-891D7E81A55E}.Release|x64.Deploy.0 = Release|Any CPU
		{DDF1DD93-74A9-47FC-A867-891D7E81A55E}.Release|x86.ActiveCfg = Release|x86
		{DDF1DD93-74A9-47FC-A867-891D7E81A55E}.Release|x86.Build.0 = Release|x86
		{DDF1DD93-74A9-47FC-A867-891D7E81A55E}.Release|x86.Deploy.0 = Release|x86
		{69A4841A-A254-449F-A014-EA415EDA3DD2}.Ad-Hoc|Any CPU.ActiveCfg = Release|x86
		{69A4841A-A254-449F-A014-EA415EDA3DD2}.Ad-Hoc|Any CPU.Build.0 = Release|x86
		{69A4841A-A254-449F-A014-EA415EDA3DD2}.Ad-Hoc|Any CPU.Deploy.0 = Release|x86
		{69A4841A-A254-449F-A014-EA415EDA3DD2}.Ad-Hoc|ARM.ActiveCfg = Release|ARM
		{69A4841A-A254-449F-A014-EA415EDA3DD2}.Ad-Hoc|ARM.Build.0 = Release|ARM
		{69A4841A-A254-449F-A014-EA415EDA3DD2}.Ad-Hoc|ARM.Deploy.0 = Release|ARM
		{69A4841A-A254-449F-A014-EA415EDA3DD2}.Ad-Hoc|iPhone.ActiveCfg = Release|x86
		{69A4841A-A254-449F-A014-EA415EDA3DD2}.Ad-Hoc|iPhone.Build.0 = Release|x86
		{69A4841A-A254-449F-A014-EA415EDA3DD2}.Ad-Hoc|iPhone.Deploy.0 = Release|x86
		{69A4841A-A254-449F-A014-EA415EDA3DD2}.Ad-Hoc|iPhoneSimulator.ActiveCfg = Release|x86
		{69A4841A-A254-449F-A014-EA415EDA3DD2}.Ad-Hoc|iPhoneSimulator.Build.0 = Release|x86
		{69A4841A-A254-449F-A014-EA415EDA3DD2}.Ad-Hoc|iPhoneSimulator.Deploy.0 = Release|x86
		{69A4841A-A254-449F-A014-EA415EDA3DD2}.Ad-Hoc|x64.ActiveCfg = Release|x64
		{69A4841A-A254-449F-A014-EA415EDA3DD2}.Ad-Hoc|x64.Build.0 = Release|x64
		{69A4841A-A254-449F-A014-EA415EDA3DD2}.Ad-Hoc|x64.Deploy.0 = Release|x64
		{69A4841A-A254-449F-A014-EA415EDA3DD2}.Ad-Hoc|x86.ActiveCfg = Release|x86
		{69A4841A-A254-449F-A014-EA415EDA3DD2}.Ad-Hoc|x86.Build.0 = Release|x86
		{69A4841A-A254-449F-A014-EA415EDA3DD2}.Ad-Hoc|x86.Deploy.0 = Release|x86
		{69A4841A-A254-449F-A014-EA415EDA3DD2}.AppStore|Any CPU.ActiveCfg = Release|x86
		{69A4841A-A254-449F-A014-EA415EDA3DD2}.AppStore|Any CPU.Build.0 = Release|x86
		{69A4841A-A254-449F-A014-EA415EDA3DD2}.AppStore|Any CPU.Deploy.0 = Release|x86
		{69A4841A-A254-449F-A014-EA415EDA3DD2}.AppStore|ARM.ActiveCfg = Release|ARM
		{69A4841A-A254-449F-A014-EA415EDA3DD2}.AppStore|ARM.Build.0 = Release|ARM
		{69A4841A-A254-449F-A014-EA415EDA3DD2}.AppStore|ARM.Deploy.0 = Release|ARM
		{69A4841A-A254-449F-A014-EA415EDA3DD2}.AppStore|iPhone.ActiveCfg = Release|x86
		{69A4841A-A254-449F-A014-EA415EDA3DD2}.AppStore|iPhone.Build.0 = Release|x86
		{69A4841A-A254-449F-A014-EA415EDA3DD2}.AppStore|iPhone.Deploy.0 = Release|x86
		{69A4841A-A254-449F-A014-EA415EDA3DD2}.AppStore|iPhoneSimulator.ActiveCfg = Release|x86
		{69A4841A-A254-449F-A014-EA415EDA3DD2}.AppStore|iPhoneSimulator.Build.0 = Release|x86
		{69A4841A-A254-449F-A014-EA415EDA3DD2}.AppStore|iPhoneSimulator.Deploy.0 = Release|x86
		{69A4841A-A254-449F-A014-EA415EDA3DD2}.AppStore|x64.ActiveCfg = Release|x64
		{69A4841A-A254-449F-A014-EA415EDA3DD2}.AppStore|x64.Build.0 = Release|x64
		{69A4841A-A254-449F-A014-EA415EDA3DD2}.AppStore|x64.Deploy.0 = Release|x64
		{69A4841A-A254-449F-A014-EA415EDA3DD2}.AppStore|x86.ActiveCfg = Release|x86
		{69A4841A-A254-449F-A014-EA415EDA3DD2}.AppStore|x86.Build.0 = Release|x86
		{69A4841A-A254-449F-A014-EA415EDA3DD2}.AppStore|x86.Deploy.0 = Release|x86
		{69A4841A-A254-449F-A014-EA415EDA3DD2}.Debug|Any CPU.ActiveCfg = Debug|x86
		{69A4841A-A254-449F-A014-EA415EDA3DD2}.Debug|ARM.ActiveCfg = Debug|ARM
		{69A4841A-A254-449F-A014-EA415EDA3DD2}.Debug|ARM.Build.0 = Debug|ARM
		{69A4841A-A254-449F-A014-EA415EDA3DD2}.Debug|ARM.Deploy.0 = Debug|ARM
		{69A4841A-A254-449F-A014-EA415EDA3DD2}.Debug|iPhone.ActiveCfg = Debug|x86
		{69A4841A-A254-449F-A014-EA415EDA3DD2}.Debug|iPhoneSimulator.ActiveCfg = Debug|x86
		{69A4841A-A254-449F-A014-EA415EDA3DD2}.Debug|x64.ActiveCfg = Debug|x64
		{69A4841A-A254-449F-A014-EA415EDA3DD2}.Debug|x64.Build.0 = Debug|x64
		{69A4841A-A254-449F-A014-EA415EDA3DD2}.Debug|x64.Deploy.0 = Debug|x64
		{69A4841A-A254-449F-A014-EA415EDA3DD2}.Debug|x86.ActiveCfg = Debug|x86
		{69A4841A-A254-449F-A014-EA415EDA3DD2}.Debug|x86.Build.0 = Debug|x86
		{69A4841A-A254-449F-A014-EA415EDA3DD2}.Debug|x86.Deploy.0 = Debug|x86
		{69A4841A-A254-449F-A014-EA415EDA3DD2}.Release|Any CPU.ActiveCfg = Release|x86
		{69A4841A-A254-449F-A014-EA415EDA3DD2}.Release|ARM.ActiveCfg = Release|ARM
		{69A4841A-A254-449F-A014-EA415EDA3DD2}.Release|ARM.Build.0 = Release|ARM
		{69A4841A-A254-449F-A014-EA415EDA3DD2}.Release|ARM.Deploy.0 = Release|ARM
		{69A4841A-A254-449F-A014-EA415EDA3DD2}.Release|iPhone.ActiveCfg = Release|x86
		{69A4841A-A254-449F-A014-EA415EDA3DD2}.Release|iPhoneSimulator.ActiveCfg = Release|x86
		{69A4841A-A254-449F-A014-EA415EDA3DD2}.Release|x64.ActiveCfg = Release|x64
		{69A4841A-A254-449F-A014-EA415EDA3DD2}.Release|x64.Build.0 = Release|x64
		{69A4841A-A254-449F-A014-EA415EDA3DD2}.Release|x64.Deploy.0 = Release|x64
		{69A4841A-A254-449F-A014-EA415EDA3DD2}.Release|x86.ActiveCfg = Release|x86
		{69A4841A-A254-449F-A014-EA415EDA3DD2}.Release|x86.Build.0 = Release|x86
		{69A4841A-A254-449F-A014-EA415EDA3DD2}.Release|x86.Deploy.0 = Release|x86
		{07624ED5-199B-4D83-9058-07F9E2C0D672}.Ad-Hoc|Any CPU.ActiveCfg = Release|Any CPU
		{07624ED5-199B-4D83-9058-07F9E2C0D672}.Ad-Hoc|Any CPU.Build.0 = Release|Any CPU
		{07624ED5-199B-4D83-9058-07F9E2C0D672}.Ad-Hoc|Any CPU.Deploy.0 = Release|Any CPU
		{07624ED5-199B-4D83-9058-07F9E2C0D672}.Ad-Hoc|ARM.ActiveCfg = Release|ARM
		{07624ED5-199B-4D83-9058-07F9E2C0D672}.Ad-Hoc|ARM.Build.0 = Release|ARM
		{07624ED5-199B-4D83-9058-07F9E2C0D672}.Ad-Hoc|ARM.Deploy.0 = Release|ARM
		{07624ED5-199B-4D83-9058-07F9E2C0D672}.Ad-Hoc|iPhone.ActiveCfg = Release|Any CPU
		{07624ED5-199B-4D83-9058-07F9E2C0D672}.Ad-Hoc|iPhone.Build.0 = Release|Any CPU
		{07624ED5-199B-4D83-9058-07F9E2C0D672}.Ad-Hoc|iPhone.Deploy.0 = Release|Any CPU
		{07624ED5-199B-4D83-9058-07F9E2C0D672}.Ad-Hoc|iPhoneSimulator.ActiveCfg = Release|Any CPU
		{07624ED5-199B-4D83-9058-07F9E2C0D672}.Ad-Hoc|iPhoneSimulator.Build.0 = Release|Any CPU
		{07624ED5-199B-4D83-9058-07F9E2C0D672}.Ad-Hoc|iPhoneSimulator.Deploy.0 = Release|Any CPU
		{07624ED5-199B-4D83-9058-07F9E2C0D672}.Ad-Hoc|x64.ActiveCfg = Release|x64
		{07624ED5-199B-4D83-9058-07F9E2C0D672}.Ad-Hoc|x64.Build.0 = Release|x64
		{07624ED5-199B-4D83-9058-07F9E2C0D672}.Ad-Hoc|x64.Deploy.0 = Release|x64
		{07624ED5-199B-4D83-9058-07F9E2C0D672}.Ad-Hoc|x86.ActiveCfg = Release|x86
		{07624ED5-199B-4D83-9058-07F9E2C0D672}.Ad-Hoc|x86.Build.0 = Release|x86
		{07624ED5-199B-4D83-9058-07F9E2C0D672}.Ad-Hoc|x86.Deploy.0 = Release|x86
		{07624ED5-199B-4D83-9058-07F9E2C0D672}.AppStore|Any CPU.ActiveCfg = Release|Any CPU
		{07624ED5-199B-4D83-9058-07F9E2C0D672}.AppStore|Any CPU.Build.0 = Release|Any CPU
		{07624ED5-199B-4D83-9058-07F9E2C0D672}.AppStore|Any CPU.Deploy.0 = Release|Any CPU
		{07624ED5-199B-4D83-9058-07F9E2C0D672}.AppStore|ARM.ActiveCfg = Release|ARM
		{07624ED5-199B-4D83-9058-07F9E2C0D672}.AppStore|ARM.Build.0 = Release|ARM
		{07624ED5-199B-4D83-9058-07F9E2C0D672}.AppStore|ARM.Deploy.0 = Release|ARM
		{07624ED5-199B-4D83-9058-07F9E2C0D672}.AppStore|iPhone.ActiveCfg = Release|Any CPU
		{07624ED5-199B-4D83-9058-07F9E2C0D672}.AppStore|iPhone.Build.0 = Release|Any CPU
		{07624ED5-199B-4D83-9058-07F9E2C0D672}.AppStore|iPhone.Deploy.0 = Release|Any CPU
		{07624ED5-199B-4D83-9058-07F9E2C0D672}.AppStore|iPhoneSimulator.ActiveCfg = Release|Any CPU
		{07624ED5-199B-4D83-9058-07F9E2C0D672}.AppStore|iPhoneSimulator.Build.0 = Release|Any CPU
		{07624ED5-199B-4D83-9058-07F9E2C0D672}.AppStore|iPhoneSimulator.Deploy.0 = Release|Any CPU
		{07624ED5-199B-4D83-9058-07F9E2C0D672}.AppStore|x64.ActiveCfg = Release|x64
		{07624ED5-199B-4D83-9058-07F9E2C0D672}.AppStore|x64.Build.0 = Release|x64
		{07624ED5-199B-4D83-9058-07F9E2C0D672}.AppStore|x64.Deploy.0 = Release|x64
		{07624ED5-199B-4D83-9058-07F9E2C0D672}.AppStore|x86.ActiveCfg = Release|x86
		{07624ED5-199B-4D83-9058-07F9E2C0D672}.AppStore|x86.Build.0 = Release|x86
		{07624ED5-199B-4D83-9058-07F9E2C0D672}.AppStore|x86.Deploy.0 = Release|x86
		{07624ED5-199B-4D83-9058-07F9E2C0D672}.Debug|Any CPU.ActiveCfg = Debug|Any CPU
		{07624ED5-199B-4D83-9058-07F9E2C0D672}.Debug|ARM.ActiveCfg = Debug|ARM
		{07624ED5-199B-4D83-9058-07F9E2C0D672}.Debug|ARM.Build.0 = Debug|ARM
		{07624ED5-199B-4D83-9058-07F9E2C0D672}.Debug|ARM.Deploy.0 = Debug|ARM
		{07624ED5-199B-4D83-9058-07F9E2C0D672}.Debug|iPhone.ActiveCfg = Debug|Any CPU
		{07624ED5-199B-4D83-9058-07F9E2C0D672}.Debug|iPhone.Build.0 = Debug|Any CPU
		{07624ED5-199B-4D83-9058-07F9E2C0D672}.Debug|iPhone.Deploy.0 = Debug|Any CPU
		{07624ED5-199B-4D83-9058-07F9E2C0D672}.Debug|iPhoneSimulator.ActiveCfg = Debug|Any CPU
		{07624ED5-199B-4D83-9058-07F9E2C0D672}.Debug|iPhoneSimulator.Build.0 = Debug|Any CPU
		{07624ED5-199B-4D83-9058-07F9E2C0D672}.Debug|iPhoneSimulator.Deploy.0 = Debug|Any CPU
		{07624ED5-199B-4D83-9058-07F9E2C0D672}.Debug|x64.ActiveCfg = Debug|x64
		{07624ED5-199B-4D83-9058-07F9E2C0D672}.Debug|x64.Build.0 = Debug|x64
		{07624ED5-199B-4D83-9058-07F9E2C0D672}.Debug|x64.Deploy.0 = Debug|x64
		{07624ED5-199B-4D83-9058-07F9E2C0D672}.Debug|x86.ActiveCfg = Debug|x86
		{07624ED5-199B-4D83-9058-07F9E2C0D672}.Debug|x86.Build.0 = Debug|x86
		{07624ED5-199B-4D83-9058-07F9E2C0D672}.Debug|x86.Deploy.0 = Debug|x86
		{07624ED5-199B-4D83-9058-07F9E2C0D672}.Release|Any CPU.ActiveCfg = Release|Any CPU
		{07624ED5-199B-4D83-9058-07F9E2C0D672}.Release|Any CPU.Build.0 = Release|Any CPU
		{07624ED5-199B-4D83-9058-07F9E2C0D672}.Release|Any CPU.Deploy.0 = Release|Any CPU
		{07624ED5-199B-4D83-9058-07F9E2C0D672}.Release|ARM.ActiveCfg = Release|ARM
		{07624ED5-199B-4D83-9058-07F9E2C0D672}.Release|ARM.Build.0 = Release|ARM
		{07624ED5-199B-4D83-9058-07F9E2C0D672}.Release|ARM.Deploy.0 = Release|ARM
		{07624ED5-199B-4D83-9058-07F9E2C0D672}.Release|iPhone.ActiveCfg = Release|Any CPU
		{07624ED5-199B-4D83-9058-07F9E2C0D672}.Release|iPhone.Build.0 = Release|Any CPU
		{07624ED5-199B-4D83-9058-07F9E2C0D672}.Release|iPhone.Deploy.0 = Release|Any CPU
		{07624ED5-199B-4D83-9058-07F9E2C0D672}.Release|iPhoneSimulator.ActiveCfg = Release|Any CPU
		{07624ED5-199B-4D83-9058-07F9E2C0D672}.Release|iPhoneSimulator.Build.0 = Release|Any CPU
		{07624ED5-199B-4D83-9058-07F9E2C0D672}.Release|iPhoneSimulator.Deploy.0 = Release|Any CPU
		{07624ED5-199B-4D83-9058-07F9E2C0D672}.Release|x64.ActiveCfg = Release|x64
		{07624ED5-199B-4D83-9058-07F9E2C0D672}.Release|x64.Build.0 = Release|x64
		{07624ED5-199B-4D83-9058-07F9E2C0D672}.Release|x64.Deploy.0 = Release|x64
		{07624ED5-199B-4D83-9058-07F9E2C0D672}.Release|x86.ActiveCfg = Release|x86
		{07624ED5-199B-4D83-9058-07F9E2C0D672}.Release|x86.Build.0 = Release|x86
		{07624ED5-199B-4D83-9058-07F9E2C0D672}.Release|x86.Deploy.0 = Release|x86
	EndGlobalSection
	GlobalSection(SolutionProperties) = preSolution
		HideSolutionNode = FALSE
	EndGlobalSection
EndGlobal
